{
    "version": 3,
    "terraform_version": "0.11.11",
    "serial": 64,
    "lineage": "5b4b8708-4adc-dc10-76b9-f8584cdfb043",
    "modules": [
        {
            "path": [
                "root"
            ],
            "outputs": {},
            "resources": {
                "aws_ecs_cluster.diyasylum": {
                    "type": "aws_ecs_cluster",
                    "depends_on": [],
                    "primary": {
                        "id": "arn:aws:ecs:us-east-1:057263735268:cluster/diyasylum",
                        "attributes": {
                            "arn": "arn:aws:ecs:us-east-1:057263735268:cluster/diyasylum",
                            "id": "arn:aws:ecs:us-east-1:057263735268:cluster/diyasylum",
                            "name": "diyasylum",
                            "tags.%": "0"
                        },
                        "meta": {},
                        "tainted": false
                    },
                    "deposed": [],
                    "provider": "provider.aws"
                },
                "aws_ecs_service.diyasylum-fe": {
                    "type": "aws_ecs_service",
                    "depends_on": [
                        "aws_ecs_cluster.diyasylum",
                        "aws_ecs_task_definition.diyasylum-fe",
                        "aws_lb_listener.lb-listener",
                        "aws_lb_target_group.ecs-target-group",
                        "aws_security_group.allow_all",
                        "aws_subnet.subnet_1",
                        "aws_subnet.subnet_2"
                    ],
                    "primary": {
                        "id": "arn:aws:ecs:us-east-1:057263735268:service/diyasylum-fe",
                        "attributes": {
                            "cluster": "arn:aws:ecs:us-east-1:057263735268:cluster/diyasylum",
                            "deployment_controller.#": "1",
                            "deployment_controller.0.type": "ECS",
                            "deployment_maximum_percent": "200",
                            "deployment_minimum_healthy_percent": "100",
                            "desired_count": "1",
                            "enable_ecs_managed_tags": "false",
                            "health_check_grace_period_seconds": "0",
                            "iam_role": "aws-service-role",
                            "id": "arn:aws:ecs:us-east-1:057263735268:service/diyasylum-fe",
                            "launch_type": "FARGATE",
                            "load_balancer.#": "1",
                            "load_balancer.2760893601.container_name": "diyasylum-fe",
                            "load_balancer.2760893601.container_port": "3000",
                            "load_balancer.2760893601.elb_name": "",
                            "load_balancer.2760893601.target_group_arn": "arn:aws:elasticloadbalancing:us-east-1:057263735268:targetgroup/diyasylum-fe/14c1679ed22657ab",
                            "name": "diyasylum-fe",
                            "network_configuration.#": "1",
                            "network_configuration.0.assign_public_ip": "true",
                            "network_configuration.0.security_groups.#": "1",
                            "network_configuration.0.security_groups.3051192852": "sg-062d7f97009af09a3",
                            "network_configuration.0.subnets.#": "2",
                            "network_configuration.0.subnets.2648835676": "subnet-0b3f86b30693f9dd3",
                            "network_configuration.0.subnets.945234568": "subnet-055c39f587fe70828",
                            "ordered_placement_strategy.#": "0",
                            "placement_constraints.#": "0",
                            "propagate_tags": "NONE",
                            "scheduling_strategy": "REPLICA",
                            "service_registries.#": "0",
                            "tags.%": "0",
                            "task_definition": "diyasylum-fe:22"
                        },
                        "meta": {},
                        "tainted": false
                    },
                    "deposed": [],
                    "provider": "provider.aws"
                },
                "aws_ecs_task_definition.diyasylum-fe": {
                    "type": "aws_ecs_task_definition",
                    "depends_on": [
                        "aws_iam_role.ecs_execution_role",
                        "aws_iam_role_policy.ecs_execution_policy",
                        "data.aws_ecr_repository.diy-ecr-fe"
                    ],
                    "primary": {
                        "id": "diyasylum-fe",
                        "attributes": {
                            "arn": "arn:aws:ecs:us-east-1:057263735268:task-definition/diyasylum-fe:22",
                            "container_definitions": "[{\"cpu\":0,\"environment\":[],\"essential\":true,\"image\":\"057263735268.dkr.ecr.us-east-1.amazonaws.com/frontend:latest\",\"mountPoints\":[],\"name\":\"diyasylum-fe\",\"portMappings\":[{\"containerPort\":3000,\"hostPort\":3000,\"protocol\":\"tcp\"}],\"volumesFrom\":[]}]",
                            "cpu": "1024",
                            "execution_role_arn": "arn:aws:iam::057263735268:role/ecs_execution_role",
                            "family": "diyasylum-fe",
                            "id": "diyasylum-fe",
                            "memory": "4096",
                            "network_mode": "awsvpc",
                            "placement_constraints.#": "0",
                            "requires_compatibilities.#": "1",
                            "requires_compatibilities.3072437307": "FARGATE",
                            "revision": "22",
                            "tags.%": "0",
                            "task_role_arn": "",
                            "volume.#": "0"
                        },
                        "meta": {
                            "schema_version": "1"
                        },
                        "tainted": false
                    },
                    "deposed": [],
                    "provider": "provider.aws"
                },
                "aws_iam_role.ecs_execution_role": {
                    "type": "aws_iam_role",
                    "depends_on": [],
                    "primary": {
                        "id": "ecs_execution_role",
                        "attributes": {
                            "arn": "arn:aws:iam::057263735268:role/ecs_execution_role",
                            "assume_role_policy": "{\"Version\":\"2012-10-17\",\"Statement\":[{\"Sid\":\"\",\"Effect\":\"Allow\",\"Principal\":{\"Service\":\"ecs-tasks.amazonaws.com\"},\"Action\":\"sts:AssumeRole\"}]}",
                            "create_date": "2018-12-29T08:08:45Z",
                            "description": "",
                            "force_detach_policies": "false",
                            "id": "ecs_execution_role",
                            "max_session_duration": "3600",
                            "name": "ecs_execution_role",
                            "path": "/",
                            "tags.%": "0",
                            "unique_id": "AROAIZ4QZ7IIJ73YBONZY"
                        },
                        "meta": {},
                        "tainted": false
                    },
                    "deposed": [],
                    "provider": "provider.aws"
                },
                "aws_iam_role_policy.ecs_execution_policy": {
                    "type": "aws_iam_role_policy",
                    "depends_on": [
                        "aws_iam_role.ecs_execution_role"
                    ],
                    "primary": {
                        "id": "ecs_execution_role:ecs_execution_policy",
                        "attributes": {
                            "id": "ecs_execution_role:ecs_execution_policy",
                            "name": "ecs_execution_policy",
                            "policy": "{\n  \"Version\": \"2012-10-17\",\n  \"Statement\": [\n    {\n      \"Effect\": \"Allow\",\n      \"Action\": [\n        \"ecr:GetAuthorizationToken\",\n        \"ecr:BatchCheckLayerAvailability\",\n        \"ecr:GetDownloadUrlForLayer\",\n        \"ecr:BatchGetImage\",\n        \"logs:CreateLogStream\",\n        \"logs:PutLogEvents\"\n      ],\n      \"Resource\": \"*\"\n    }\n  ]\n}\n",
                            "role": "ecs_execution_role"
                        },
                        "meta": {},
                        "tainted": false
                    },
                    "deposed": [],
                    "provider": "provider.aws"
                },
                "aws_internet_gateway.gw": {
                    "type": "aws_internet_gateway",
                    "depends_on": [
                        "aws_vpc.main"
                    ],
                    "primary": {
                        "id": "igw-059de48ff7ad3576d",
                        "attributes": {
                            "id": "igw-059de48ff7ad3576d",
                            "owner_id": "057263735268",
                            "tags.%": "0",
                            "vpc_id": "vpc-0a9125f8d990bdb89"
                        },
                        "meta": {},
                        "tainted": false
                    },
                    "deposed": [],
                    "provider": "provider.aws"
                },
                "aws_lb.ecs-load-balancer": {
                    "type": "aws_lb",
                    "depends_on": [
                        "aws_security_group.allow_all",
                        "aws_subnet.subnet_1",
                        "aws_subnet.subnet_2"
                    ],
                    "primary": {
                        "id": "arn:aws:elasticloadbalancing:us-east-1:057263735268:loadbalancer/app/ecs-load-balancer/f03efbd6f83116f3",
                        "attributes": {
                            "access_logs.#": "0",
                            "arn": "arn:aws:elasticloadbalancing:us-east-1:057263735268:loadbalancer/app/ecs-load-balancer/f03efbd6f83116f3",
                            "arn_suffix": "app/ecs-load-balancer/f03efbd6f83116f3",
                            "dns_name": "ecs-load-balancer-416240627.us-east-1.elb.amazonaws.com",
                            "enable_deletion_protection": "false",
                            "enable_http2": "true",
                            "id": "arn:aws:elasticloadbalancing:us-east-1:057263735268:loadbalancer/app/ecs-load-balancer/f03efbd6f83116f3",
                            "idle_timeout": "60",
                            "internal": "false",
                            "ip_address_type": "ipv4",
                            "load_balancer_type": "application",
                            "name": "ecs-load-balancer",
                            "security_groups.#": "1",
                            "security_groups.3051192852": "sg-062d7f97009af09a3",
                            "subnet_mapping.#": "0",
                            "subnets.#": "2",
                            "subnets.2648835676": "subnet-0b3f86b30693f9dd3",
                            "subnets.945234568": "subnet-055c39f587fe70828",
                            "tags.%": "1",
                            "tags.Name": "ecs-load-balancer",
                            "vpc_id": "vpc-0a9125f8d990bdb89",
                            "zone_id": "Z35SXDOTRQ7X7K"
                        },
                        "meta": {
                            "e2bfb730-ecaa-11e6-8f88-34363bc7c4c0": {
                                "create": 600000000000,
                                "delete": 600000000000,
                                "update": 600000000000
                            }
                        },
                        "tainted": false
                    },
                    "deposed": [],
                    "provider": "provider.aws"
                },
                "aws_lb_listener.lb-listener": {
                    "type": "aws_lb_listener",
                    "depends_on": [
                        "aws_lb.ecs-load-balancer",
                        "aws_lb_target_group.ecs-target-group"
                    ],
                    "primary": {
                        "id": "arn:aws:elasticloadbalancing:us-east-1:057263735268:listener/app/ecs-load-balancer/f03efbd6f83116f3/fed2a3a287b1d1f8",
                        "attributes": {
                            "arn": "arn:aws:elasticloadbalancing:us-east-1:057263735268:listener/app/ecs-load-balancer/f03efbd6f83116f3/fed2a3a287b1d1f8",
                            "default_action.#": "1",
                            "default_action.0.authenticate_cognito.#": "0",
                            "default_action.0.authenticate_oidc.#": "0",
                            "default_action.0.fixed_response.#": "0",
                            "default_action.0.order": "1",
                            "default_action.0.redirect.#": "0",
                            "default_action.0.target_group_arn": "arn:aws:elasticloadbalancing:us-east-1:057263735268:targetgroup/diyasylum-fe/14c1679ed22657ab",
                            "default_action.0.type": "forward",
                            "id": "arn:aws:elasticloadbalancing:us-east-1:057263735268:listener/app/ecs-load-balancer/f03efbd6f83116f3/fed2a3a287b1d1f8",
                            "load_balancer_arn": "arn:aws:elasticloadbalancing:us-east-1:057263735268:loadbalancer/app/ecs-load-balancer/f03efbd6f83116f3",
                            "port": "80",
                            "protocol": "HTTP",
                            "ssl_policy": ""
                        },
                        "meta": {
                            "e2bfb730-ecaa-11e6-8f88-34363bc7c4c0": {
                                "read": 600000000000
                            }
                        },
                        "tainted": false
                    },
                    "deposed": [],
                    "provider": "provider.aws"
                },
                "aws_lb_target_group.ecs-target-group": {
                    "type": "aws_lb_target_group",
                    "depends_on": [
                        "aws_vpc.main"
                    ],
                    "primary": {
                        "id": "arn:aws:elasticloadbalancing:us-east-1:057263735268:targetgroup/diyasylum-fe/14c1679ed22657ab",
                        "attributes": {
                            "arn": "arn:aws:elasticloadbalancing:us-east-1:057263735268:targetgroup/diyasylum-fe/14c1679ed22657ab",
                            "arn_suffix": "targetgroup/diyasylum-fe/14c1679ed22657ab",
                            "deregistration_delay": "300",
                            "health_check.#": "1",
                            "health_check.0.healthy_threshold": "5",
                            "health_check.0.interval": "30",
                            "health_check.0.matcher": "200",
                            "health_check.0.path": "/",
                            "health_check.0.port": "traffic-port",
                            "health_check.0.protocol": "HTTP",
                            "health_check.0.timeout": "5",
                            "health_check.0.unhealthy_threshold": "2",
                            "id": "arn:aws:elasticloadbalancing:us-east-1:057263735268:targetgroup/diyasylum-fe/14c1679ed22657ab",
                            "name": "diyasylum-fe",
                            "port": "3000",
                            "protocol": "HTTP",
                            "proxy_protocol_v2": "false",
                            "slow_start": "0",
                            "stickiness.#": "1",
                            "stickiness.0.cookie_duration": "86400",
                            "stickiness.0.enabled": "false",
                            "stickiness.0.type": "lb_cookie",
                            "tags.%": "0",
                            "target_type": "ip",
                            "vpc_id": "vpc-0a9125f8d990bdb89"
                        },
                        "meta": {},
                        "tainted": false
                    },
                    "deposed": [],
                    "provider": "provider.aws"
                },
                "aws_route_table.nat_route_1": {
                    "type": "aws_route_table",
                    "depends_on": [
                        "aws_internet_gateway.gw",
                        "aws_vpc.main"
                    ],
                    "primary": {
                        "id": "rtb-04f7e8111e90802a0",
                        "attributes": {
                            "id": "rtb-04f7e8111e90802a0",
                            "owner_id": "057263735268",
                            "propagating_vgws.#": "0",
                            "route.#": "1",
                            "route.2015631312.cidr_block": "0.0.0.0/0",
                            "route.2015631312.egress_only_gateway_id": "",
                            "route.2015631312.gateway_id": "igw-059de48ff7ad3576d",
                            "route.2015631312.instance_id": "",
                            "route.2015631312.ipv6_cidr_block": "",
                            "route.2015631312.nat_gateway_id": "",
                            "route.2015631312.network_interface_id": "",
                            "route.2015631312.transit_gateway_id": "",
                            "route.2015631312.vpc_peering_connection_id": "",
                            "tags.%": "0",
                            "vpc_id": "vpc-0a9125f8d990bdb89"
                        },
                        "meta": {},
                        "tainted": false
                    },
                    "deposed": [],
                    "provider": "provider.aws"
                },
                "aws_route_table.nat_route_2": {
                    "type": "aws_route_table",
                    "depends_on": [
                        "aws_internet_gateway.gw",
                        "aws_vpc.main"
                    ],
                    "primary": {
                        "id": "rtb-0825cf11d8910db08",
                        "attributes": {
                            "id": "rtb-0825cf11d8910db08",
                            "owner_id": "057263735268",
                            "propagating_vgws.#": "0",
                            "route.#": "1",
                            "route.2015631312.cidr_block": "0.0.0.0/0",
                            "route.2015631312.egress_only_gateway_id": "",
                            "route.2015631312.gateway_id": "igw-059de48ff7ad3576d",
                            "route.2015631312.instance_id": "",
                            "route.2015631312.ipv6_cidr_block": "",
                            "route.2015631312.nat_gateway_id": "",
                            "route.2015631312.network_interface_id": "",
                            "route.2015631312.transit_gateway_id": "",
                            "route.2015631312.vpc_peering_connection_id": "",
                            "tags.%": "0",
                            "vpc_id": "vpc-0a9125f8d990bdb89"
                        },
                        "meta": {},
                        "tainted": false
                    },
                    "deposed": [],
                    "provider": "provider.aws"
                },
                "aws_route_table_association.subnet_1_association": {
                    "type": "aws_route_table_association",
                    "depends_on": [
                        "aws_route_table.nat_route_1",
                        "aws_subnet.subnet_1"
                    ],
                    "primary": {
                        "id": "rtbassoc-06c4b94253a620239",
                        "attributes": {
                            "id": "rtbassoc-06c4b94253a620239",
                            "route_table_id": "rtb-04f7e8111e90802a0",
                            "subnet_id": "subnet-0b3f86b30693f9dd3"
                        },
                        "meta": {},
                        "tainted": false
                    },
                    "deposed": [],
                    "provider": "provider.aws"
                },
                "aws_route_table_association.subnet_2_association": {
                    "type": "aws_route_table_association",
                    "depends_on": [
                        "aws_route_table.nat_route_2",
                        "aws_subnet.subnet_2"
                    ],
                    "primary": {
                        "id": "rtbassoc-04efa598a7c5c5d6a",
                        "attributes": {
                            "id": "rtbassoc-04efa598a7c5c5d6a",
                            "route_table_id": "rtb-0825cf11d8910db08",
                            "subnet_id": "subnet-055c39f587fe70828"
                        },
                        "meta": {},
                        "tainted": false
                    },
                    "deposed": [],
                    "provider": "provider.aws"
                },
                "aws_security_group.allow_all": {
                    "type": "aws_security_group",
                    "depends_on": [
                        "aws_vpc.main"
                    ],
                    "primary": {
                        "id": "sg-062d7f97009af09a3",
                        "attributes": {
                            "arn": "arn:aws:ec2:us-east-1:057263735268:security-group/sg-062d7f97009af09a3",
                            "description": "Allow all inbound traffic",
                            "egress.#": "1",
                            "egress.482069346.cidr_blocks.#": "1",
                            "egress.482069346.cidr_blocks.0": "0.0.0.0/0",
                            "egress.482069346.description": "",
                            "egress.482069346.from_port": "0",
                            "egress.482069346.ipv6_cidr_blocks.#": "0",
                            "egress.482069346.prefix_list_ids.#": "0",
                            "egress.482069346.protocol": "-1",
                            "egress.482069346.security_groups.#": "0",
                            "egress.482069346.self": "false",
                            "egress.482069346.to_port": "0",
                            "id": "sg-062d7f97009af09a3",
                            "ingress.#": "2",
                            "ingress.1994621032.cidr_blocks.#": "1",
                            "ingress.1994621032.cidr_blocks.0": "0.0.0.0/0",
                            "ingress.1994621032.description": "",
                            "ingress.1994621032.from_port": "3000",
                            "ingress.1994621032.ipv6_cidr_blocks.#": "0",
                            "ingress.1994621032.prefix_list_ids.#": "0",
                            "ingress.1994621032.protocol": "tcp",
                            "ingress.1994621032.security_groups.#": "0",
                            "ingress.1994621032.self": "false",
                            "ingress.1994621032.to_port": "3000",
                            "ingress.2214680975.cidr_blocks.#": "1",
                            "ingress.2214680975.cidr_blocks.0": "0.0.0.0/0",
                            "ingress.2214680975.description": "",
                            "ingress.2214680975.from_port": "80",
                            "ingress.2214680975.ipv6_cidr_blocks.#": "0",
                            "ingress.2214680975.prefix_list_ids.#": "0",
                            "ingress.2214680975.protocol": "tcp",
                            "ingress.2214680975.security_groups.#": "0",
                            "ingress.2214680975.self": "false",
                            "ingress.2214680975.to_port": "80",
                            "name": "allow_all",
                            "owner_id": "057263735268",
                            "revoke_rules_on_delete": "false",
                            "tags.%": "0",
                            "vpc_id": "vpc-0a9125f8d990bdb89"
                        },
                        "meta": {
                            "e2bfb730-ecaa-11e6-8f88-34363bc7c4c0": {
                                "create": 600000000000,
                                "delete": 600000000000
                            },
                            "schema_version": "1"
                        },
                        "tainted": false
                    },
                    "deposed": [],
                    "provider": "provider.aws"
                },
                "aws_subnet.subnet_1": {
                    "type": "aws_subnet",
                    "depends_on": [
                        "aws_security_group.allow_all"
                    ],
                    "primary": {
                        "id": "subnet-0b3f86b30693f9dd3",
                        "attributes": {
                            "arn": "arn:aws:ec2:us-east-1:057263735268:subnet/subnet-0b3f86b30693f9dd3",
                            "assign_ipv6_address_on_creation": "false",
                            "availability_zone": "us-east-1a",
                            "availability_zone_id": "use1-az6",
                            "cidr_block": "10.0.0.0/25",
                            "id": "subnet-0b3f86b30693f9dd3",
                            "ipv6_cidr_block": "",
                            "ipv6_cidr_block_association_id": "",
                            "map_public_ip_on_launch": "false",
                            "owner_id": "057263735268",
                            "tags.%": "0",
                            "vpc_id": "vpc-0a9125f8d990bdb89"
                        },
                        "meta": {
                            "e2bfb730-ecaa-11e6-8f88-34363bc7c4c0": {
                                "create": 600000000000,
                                "delete": 600000000000
                            },
                            "schema_version": "1"
                        },
                        "tainted": false
                    },
                    "deposed": [],
                    "provider": "provider.aws"
                },
                "aws_subnet.subnet_2": {
                    "type": "aws_subnet",
                    "depends_on": [
                        "aws_security_group.allow_all"
                    ],
                    "primary": {
                        "id": "subnet-055c39f587fe70828",
                        "attributes": {
                            "arn": "arn:aws:ec2:us-east-1:057263735268:subnet/subnet-055c39f587fe70828",
                            "assign_ipv6_address_on_creation": "false",
                            "availability_zone": "us-east-1b",
                            "availability_zone_id": "use1-az1",
                            "cidr_block": "10.0.0.128/25",
                            "id": "subnet-055c39f587fe70828",
                            "ipv6_cidr_block": "",
                            "ipv6_cidr_block_association_id": "",
                            "map_public_ip_on_launch": "false",
                            "owner_id": "057263735268",
                            "tags.%": "0",
                            "vpc_id": "vpc-0a9125f8d990bdb89"
                        },
                        "meta": {
                            "e2bfb730-ecaa-11e6-8f88-34363bc7c4c0": {
                                "create": 600000000000,
                                "delete": 600000000000
                            },
                            "schema_version": "1"
                        },
                        "tainted": false
                    },
                    "deposed": [],
                    "provider": "provider.aws"
                },
                "aws_vpc.main": {
                    "type": "aws_vpc",
                    "depends_on": [],
                    "primary": {
                        "id": "vpc-0a9125f8d990bdb89",
                        "attributes": {
                            "arn": "arn:aws:ec2:us-east-1:057263735268:vpc/vpc-0a9125f8d990bdb89",
                            "assign_generated_ipv6_cidr_block": "false",
                            "cidr_block": "10.0.0.0/16",
                            "default_network_acl_id": "acl-0a7f62b37e76df772",
                            "default_route_table_id": "rtb-0154d0364781cab78",
                            "default_security_group_id": "sg-09009dd596274101d",
                            "dhcp_options_id": "dopt-74e4da10",
                            "enable_classiclink": "false",
                            "enable_classiclink_dns_support": "false",
                            "enable_dns_hostnames": "false",
                            "enable_dns_support": "true",
                            "id": "vpc-0a9125f8d990bdb89",
                            "instance_tenancy": "default",
                            "ipv6_association_id": "",
                            "ipv6_cidr_block": "",
                            "main_route_table_id": "rtb-0154d0364781cab78",
                            "owner_id": "057263735268",
                            "tags.%": "0"
                        },
                        "meta": {
                            "schema_version": "1"
                        },
                        "tainted": false
                    },
                    "deposed": [],
                    "provider": "provider.aws"
                },
                "data.aws_ecr_repository.diy-ecr-fe": {
                    "type": "aws_ecr_repository",
                    "depends_on": [],
                    "primary": {
                        "id": "frontend",
                        "attributes": {
                            "arn": "arn:aws:ecr:us-east-1:057263735268:repository/frontend",
                            "id": "frontend",
                            "name": "frontend",
                            "registry_id": "057263735268",
                            "repository_url": "057263735268.dkr.ecr.us-east-1.amazonaws.com/frontend"
                        },
                        "meta": {},
                        "tainted": false
                    },
                    "deposed": [],
                    "provider": "provider.aws"
                }
            },
            "depends_on": []
        }
    ]
}
