{
    "version": 3,
    "terraform_version": "0.11.11",
    "serial": 75,
    "lineage": "5b4b8708-4adc-dc10-76b9-f8584cdfb043",
    "modules": [
        {
            "path": [
                "root"
            ],
            "outputs": {
                "be_dns": {
                    "sensitive": false,
                    "type": "string",
                    "value": "internal-be-load-balancer-1740590486.us-east-1.elb.amazonaws.com"
                },
                "fe_dns": {
                    "sensitive": false,
                    "type": "string",
                    "value": "fe-load-balancer-698036468.us-east-1.elb.amazonaws.com"
                }
            },
            "resources": {
                "aws_ecs_cluster.diyasylum": {
                    "type": "aws_ecs_cluster",
                    "depends_on": [],
                    "primary": {
                        "id": "arn:aws:ecs:us-east-1:057263735268:cluster/diyasylum",
                        "attributes": {
                            "arn": "arn:aws:ecs:us-east-1:057263735268:cluster/diyasylum",
                            "id": "arn:aws:ecs:us-east-1:057263735268:cluster/diyasylum",
                            "name": "diyasylum",
                            "tags.%": "0"
                        },
                        "meta": {},
                        "tainted": false
                    },
                    "deposed": [],
                    "provider": "provider.aws"
                },
                "aws_ecs_service.diyasylum-be": {
                    "type": "aws_ecs_service",
                    "depends_on": [
                        "aws_ecs_cluster.diyasylum",
                        "aws_ecs_task_definition.diyasylum-be",
                        "aws_lb_listener.be-listener",
                        "aws_lb_target_group.be-target-group",
                        "aws_security_group.allow_all",
                        "aws_subnet.private_subnet_1",
                        "aws_subnet.private_subnet_2"
                    ],
                    "primary": {
                        "id": "arn:aws:ecs:us-east-1:057263735268:service/diyasylum-be",
                        "attributes": {
                            "cluster": "arn:aws:ecs:us-east-1:057263735268:cluster/diyasylum",
                            "deployment_controller.#": "1",
                            "deployment_controller.0.type": "ECS",
                            "deployment_maximum_percent": "200",
                            "deployment_minimum_healthy_percent": "100",
                            "desired_count": "1",
                            "enable_ecs_managed_tags": "false",
                            "health_check_grace_period_seconds": "0",
                            "iam_role": "aws-service-role",
                            "id": "arn:aws:ecs:us-east-1:057263735268:service/diyasylum-be",
                            "launch_type": "FARGATE",
                            "load_balancer.#": "1",
                            "load_balancer.1635153180.container_name": "diyasylum-be",
                            "load_balancer.1635153180.container_port": "12345",
                            "load_balancer.1635153180.elb_name": "",
                            "load_balancer.1635153180.target_group_arn": "arn:aws:elasticloadbalancing:us-east-1:057263735268:targetgroup/diyasylum-be/4a8fef41f3e18258",
                            "name": "diyasylum-be",
                            "network_configuration.#": "1",
                            "network_configuration.0.assign_public_ip": "false",
                            "network_configuration.0.security_groups.#": "1",
                            "network_configuration.0.security_groups.1279979186": "sg-0fcef775073e78805",
                            "network_configuration.0.subnets.#": "2",
                            "network_configuration.0.subnets.1784732099": "subnet-03eff8d84ad1acc11",
                            "network_configuration.0.subnets.2837713323": "subnet-037c4687037268d78",
                            "ordered_placement_strategy.#": "0",
                            "placement_constraints.#": "0",
                            "propagate_tags": "NONE",
                            "scheduling_strategy": "REPLICA",
                            "service_registries.#": "0",
                            "tags.%": "0",
                            "task_definition": "diyasylum-be:4"
                        },
                        "meta": {},
                        "tainted": false
                    },
                    "deposed": [],
                    "provider": "provider.aws"
                },
                "aws_ecs_service.diyasylum-fe": {
                    "type": "aws_ecs_service",
                    "depends_on": [
                        "aws_ecs_cluster.diyasylum",
                        "aws_ecs_task_definition.diyasylum-fe",
                        "aws_lb_listener.fe-listener",
                        "aws_lb_target_group.fe-target-group",
                        "aws_security_group.allow_all",
                        "aws_subnet.private_subnet_1",
                        "aws_subnet.private_subnet_2"
                    ],
                    "primary": {
                        "id": "arn:aws:ecs:us-east-1:057263735268:service/diyasylum-fe",
                        "attributes": {
                            "cluster": "arn:aws:ecs:us-east-1:057263735268:cluster/diyasylum",
                            "deployment_controller.#": "1",
                            "deployment_controller.0.type": "ECS",
                            "deployment_maximum_percent": "200",
                            "deployment_minimum_healthy_percent": "100",
                            "desired_count": "1",
                            "enable_ecs_managed_tags": "false",
                            "health_check_grace_period_seconds": "0",
                            "iam_role": "aws-service-role",
                            "id": "arn:aws:ecs:us-east-1:057263735268:service/diyasylum-fe",
                            "launch_type": "FARGATE",
                            "load_balancer.#": "1",
                            "load_balancer.108041632.container_name": "diyasylum-fe",
                            "load_balancer.108041632.container_port": "3000",
                            "load_balancer.108041632.elb_name": "",
                            "load_balancer.108041632.target_group_arn": "arn:aws:elasticloadbalancing:us-east-1:057263735268:targetgroup/diyasylum-fe/54cd3360207f2148",
                            "name": "diyasylum-fe",
                            "network_configuration.#": "1",
                            "network_configuration.0.assign_public_ip": "false",
                            "network_configuration.0.security_groups.#": "1",
                            "network_configuration.0.security_groups.1279979186": "sg-0fcef775073e78805",
                            "network_configuration.0.subnets.#": "2",
                            "network_configuration.0.subnets.1784732099": "subnet-03eff8d84ad1acc11",
                            "network_configuration.0.subnets.2837713323": "subnet-037c4687037268d78",
                            "ordered_placement_strategy.#": "0",
                            "placement_constraints.#": "0",
                            "propagate_tags": "NONE",
                            "scheduling_strategy": "REPLICA",
                            "service_registries.#": "0",
                            "tags.%": "0",
                            "task_definition": "diyasylum-fe:27"
                        },
                        "meta": {},
                        "tainted": false
                    },
                    "deposed": [],
                    "provider": "provider.aws"
                },
                "aws_ecs_task_definition.diyasylum-be": {
                    "type": "aws_ecs_task_definition",
                    "depends_on": [
                        "aws_iam_role.ecs_execution_role",
                        "aws_iam_role_policy.ecs_execution_policy",
                        "data.aws_ecr_repository.diy-ecr-be"
                    ],
                    "primary": {
                        "id": "diyasylum-be",
                        "attributes": {
                            "arn": "arn:aws:ecs:us-east-1:057263735268:task-definition/diyasylum-be:4",
                            "container_definitions": "[{\"cpu\":0,\"environment\":[],\"essential\":true,\"image\":\"057263735268.dkr.ecr.us-east-1.amazonaws.com/backend:latest\",\"mountPoints\":[],\"name\":\"diyasylum-be\",\"portMappings\":[{\"containerPort\":12345,\"hostPort\":12345,\"protocol\":\"tcp\"}],\"volumesFrom\":[]}]",
                            "cpu": "1024",
                            "execution_role_arn": "arn:aws:iam::057263735268:role/ecs_execution_role",
                            "family": "diyasylum-be",
                            "id": "diyasylum-be",
                            "memory": "4096",
                            "network_mode": "awsvpc",
                            "placement_constraints.#": "0",
                            "requires_compatibilities.#": "1",
                            "requires_compatibilities.3072437307": "FARGATE",
                            "revision": "4",
                            "tags.%": "0",
                            "task_role_arn": "",
                            "volume.#": "0"
                        },
                        "meta": {
                            "schema_version": "1"
                        },
                        "tainted": false
                    },
                    "deposed": [],
                    "provider": "provider.aws"
                },
                "aws_ecs_task_definition.diyasylum-fe": {
                    "type": "aws_ecs_task_definition",
                    "depends_on": [
                        "aws_iam_role.ecs_execution_role",
                        "aws_iam_role_policy.ecs_execution_policy",
                        "aws_lb.be-load-balancer",
                        "data.aws_ecr_repository.diy-ecr-fe"
                    ],
                    "primary": {
                        "id": "diyasylum-fe",
                        "attributes": {
                            "arn": "arn:aws:ecs:us-east-1:057263735268:task-definition/diyasylum-fe:27",
                            "container_definitions": "[{\"cpu\":0,\"environment\":[{\"name\":\"BE_HOST\",\"value\":\"http://internal-be-load-balancer-1740590486.us-east-1.elb.amazonaws.com\"}],\"essential\":true,\"image\":\"057263735268.dkr.ecr.us-east-1.amazonaws.com/frontend:demo\",\"mountPoints\":[],\"name\":\"diyasylum-fe\",\"portMappings\":[{\"containerPort\":3000,\"hostPort\":3000,\"protocol\":\"tcp\"}],\"volumesFrom\":[]}]",
                            "cpu": "1024",
                            "execution_role_arn": "arn:aws:iam::057263735268:role/ecs_execution_role",
                            "family": "diyasylum-fe",
                            "id": "diyasylum-fe",
                            "memory": "4096",
                            "network_mode": "awsvpc",
                            "placement_constraints.#": "0",
                            "requires_compatibilities.#": "1",
                            "requires_compatibilities.3072437307": "FARGATE",
                            "revision": "27",
                            "tags.%": "0",
                            "task_role_arn": "",
                            "volume.#": "0"
                        },
                        "meta": {
                            "schema_version": "1"
                        },
                        "tainted": false
                    },
                    "deposed": [],
                    "provider": "provider.aws"
                },
                "aws_eip.public_eip_1": {
                    "type": "aws_eip",
                    "depends_on": [],
                    "primary": {
                        "id": "eipalloc-03beaec4edfe189a0",
                        "attributes": {
                            "association_id": "eipassoc-5f7841f4",
                            "domain": "vpc",
                            "id": "eipalloc-03beaec4edfe189a0",
                            "instance": "",
                            "network_interface": "eni-0b92dbbb9d0b7ae66",
                            "private_ip": "10.0.0.19",
                            "public_ip": "52.0.188.209",
                            "public_ipv4_pool": "amazon",
                            "tags.%": "0",
                            "vpc": "true"
                        },
                        "meta": {
                            "e2bfb730-ecaa-11e6-8f88-34363bc7c4c0": {
                                "delete": 180000000000,
                                "read": 900000000000,
                                "update": 300000000000
                            }
                        },
                        "tainted": false
                    },
                    "deposed": [],
                    "provider": "provider.aws"
                },
                "aws_iam_role.ecs_execution_role": {
                    "type": "aws_iam_role",
                    "depends_on": [],
                    "primary": {
                        "id": "ecs_execution_role",
                        "attributes": {
                            "arn": "arn:aws:iam::057263735268:role/ecs_execution_role",
                            "assume_role_policy": "{\"Version\":\"2012-10-17\",\"Statement\":[{\"Sid\":\"\",\"Effect\":\"Allow\",\"Principal\":{\"Service\":\"ecs-tasks.amazonaws.com\"},\"Action\":\"sts:AssumeRole\"}]}",
                            "create_date": "2019-01-03T04:43:24Z",
                            "description": "",
                            "force_detach_policies": "false",
                            "id": "ecs_execution_role",
                            "max_session_duration": "3600",
                            "name": "ecs_execution_role",
                            "path": "/",
                            "tags.%": "0",
                            "unique_id": "AROAJ3GP6GZQDWOMKYC4K"
                        },
                        "meta": {},
                        "tainted": false
                    },
                    "deposed": [],
                    "provider": "provider.aws"
                },
                "aws_iam_role_policy.ecs_execution_policy": {
                    "type": "aws_iam_role_policy",
                    "depends_on": [
                        "aws_iam_role.ecs_execution_role"
                    ],
                    "primary": {
                        "id": "ecs_execution_role:ecs_execution_policy",
                        "attributes": {
                            "id": "ecs_execution_role:ecs_execution_policy",
                            "name": "ecs_execution_policy",
                            "policy": "{\n  \"Version\": \"2012-10-17\",\n  \"Statement\": [\n    {\n      \"Effect\": \"Allow\",\n      \"Action\": [\n        \"ecr:GetAuthorizationToken\",\n        \"ecr:BatchCheckLayerAvailability\",\n        \"ecr:GetDownloadUrlForLayer\",\n        \"ecr:BatchGetImage\",\n        \"logs:CreateLogStream\",\n        \"logs:PutLogEvents\"\n      ],\n      \"Resource\": \"*\"\n    }\n  ]\n}\n",
                            "role": "ecs_execution_role"
                        },
                        "meta": {},
                        "tainted": false
                    },
                    "deposed": [],
                    "provider": "provider.aws"
                },
                "aws_internet_gateway.gw": {
                    "type": "aws_internet_gateway",
                    "depends_on": [
                        "aws_vpc.main"
                    ],
                    "primary": {
                        "id": "igw-0a7377b6701fd2060",
                        "attributes": {
                            "id": "igw-0a7377b6701fd2060",
                            "owner_id": "057263735268",
                            "tags.%": "0",
                            "vpc_id": "vpc-0df7cb13d570dc03c"
                        },
                        "meta": {},
                        "tainted": false
                    },
                    "deposed": [],
                    "provider": "provider.aws"
                },
                "aws_lb.be-load-balancer": {
                    "type": "aws_lb",
                    "depends_on": [
                        "aws_security_group.allow_all",
                        "aws_subnet.private_subnet_1",
                        "aws_subnet.private_subnet_2"
                    ],
                    "primary": {
                        "id": "arn:aws:elasticloadbalancing:us-east-1:057263735268:loadbalancer/app/be-load-balancer/49e877590c84673e",
                        "attributes": {
                            "access_logs.#": "0",
                            "arn": "arn:aws:elasticloadbalancing:us-east-1:057263735268:loadbalancer/app/be-load-balancer/49e877590c84673e",
                            "arn_suffix": "app/be-load-balancer/49e877590c84673e",
                            "dns_name": "internal-be-load-balancer-1740590486.us-east-1.elb.amazonaws.com",
                            "enable_deletion_protection": "false",
                            "enable_http2": "true",
                            "id": "arn:aws:elasticloadbalancing:us-east-1:057263735268:loadbalancer/app/be-load-balancer/49e877590c84673e",
                            "idle_timeout": "60",
                            "internal": "true",
                            "ip_address_type": "ipv4",
                            "load_balancer_type": "application",
                            "name": "be-load-balancer",
                            "security_groups.#": "1",
                            "security_groups.1279979186": "sg-0fcef775073e78805",
                            "subnet_mapping.#": "0",
                            "subnets.#": "2",
                            "subnets.1784732099": "subnet-03eff8d84ad1acc11",
                            "subnets.2837713323": "subnet-037c4687037268d78",
                            "tags.%": "1",
                            "tags.Name": "be-load-balancer",
                            "vpc_id": "vpc-0df7cb13d570dc03c",
                            "zone_id": "Z35SXDOTRQ7X7K"
                        },
                        "meta": {
                            "e2bfb730-ecaa-11e6-8f88-34363bc7c4c0": {
                                "create": 600000000000,
                                "delete": 600000000000,
                                "update": 600000000000
                            }
                        },
                        "tainted": false
                    },
                    "deposed": [],
                    "provider": "provider.aws"
                },
                "aws_lb.fe-load-balancer": {
                    "type": "aws_lb",
                    "depends_on": [
                        "aws_security_group.allow_all",
                        "aws_subnet.public_subnet_1",
                        "aws_subnet.public_subnet_2"
                    ],
                    "primary": {
                        "id": "arn:aws:elasticloadbalancing:us-east-1:057263735268:loadbalancer/app/fe-load-balancer/1d084ebb44c2c6b2",
                        "attributes": {
                            "access_logs.#": "0",
                            "arn": "arn:aws:elasticloadbalancing:us-east-1:057263735268:loadbalancer/app/fe-load-balancer/1d084ebb44c2c6b2",
                            "arn_suffix": "app/fe-load-balancer/1d084ebb44c2c6b2",
                            "dns_name": "fe-load-balancer-698036468.us-east-1.elb.amazonaws.com",
                            "enable_deletion_protection": "false",
                            "enable_http2": "true",
                            "id": "arn:aws:elasticloadbalancing:us-east-1:057263735268:loadbalancer/app/fe-load-balancer/1d084ebb44c2c6b2",
                            "idle_timeout": "60",
                            "internal": "false",
                            "ip_address_type": "ipv4",
                            "load_balancer_type": "application",
                            "name": "fe-load-balancer",
                            "security_groups.#": "1",
                            "security_groups.1279979186": "sg-0fcef775073e78805",
                            "subnet_mapping.#": "0",
                            "subnets.#": "2",
                            "subnets.2204935917": "subnet-0391d3718179371ab",
                            "subnets.3716196738": "subnet-06b2caa51d7bed9a8",
                            "tags.%": "1",
                            "tags.Name": "fe-load-balancer",
                            "vpc_id": "vpc-0df7cb13d570dc03c",
                            "zone_id": "Z35SXDOTRQ7X7K"
                        },
                        "meta": {
                            "e2bfb730-ecaa-11e6-8f88-34363bc7c4c0": {
                                "create": 600000000000,
                                "delete": 600000000000,
                                "update": 600000000000
                            }
                        },
                        "tainted": false
                    },
                    "deposed": [],
                    "provider": "provider.aws"
                },
                "aws_lb_listener.be-listener": {
                    "type": "aws_lb_listener",
                    "depends_on": [
                        "aws_lb.be-load-balancer",
                        "aws_lb_target_group.be-target-group"
                    ],
                    "primary": {
                        "id": "arn:aws:elasticloadbalancing:us-east-1:057263735268:listener/app/be-load-balancer/49e877590c84673e/22fcfe730472bd00",
                        "attributes": {
                            "arn": "arn:aws:elasticloadbalancing:us-east-1:057263735268:listener/app/be-load-balancer/49e877590c84673e/22fcfe730472bd00",
                            "default_action.#": "1",
                            "default_action.0.authenticate_cognito.#": "0",
                            "default_action.0.authenticate_oidc.#": "0",
                            "default_action.0.fixed_response.#": "0",
                            "default_action.0.order": "1",
                            "default_action.0.redirect.#": "0",
                            "default_action.0.target_group_arn": "arn:aws:elasticloadbalancing:us-east-1:057263735268:targetgroup/diyasylum-be/4a8fef41f3e18258",
                            "default_action.0.type": "forward",
                            "id": "arn:aws:elasticloadbalancing:us-east-1:057263735268:listener/app/be-load-balancer/49e877590c84673e/22fcfe730472bd00",
                            "load_balancer_arn": "arn:aws:elasticloadbalancing:us-east-1:057263735268:loadbalancer/app/be-load-balancer/49e877590c84673e",
                            "port": "80",
                            "protocol": "HTTP",
                            "ssl_policy": ""
                        },
                        "meta": {
                            "e2bfb730-ecaa-11e6-8f88-34363bc7c4c0": {
                                "read": 600000000000
                            }
                        },
                        "tainted": false
                    },
                    "deposed": [],
                    "provider": "provider.aws"
                },
                "aws_lb_listener.fe-listener": {
                    "type": "aws_lb_listener",
                    "depends_on": [
                        "aws_lb.fe-load-balancer",
                        "aws_lb_target_group.fe-target-group"
                    ],
                    "primary": {
                        "id": "arn:aws:elasticloadbalancing:us-east-1:057263735268:listener/app/fe-load-balancer/1d084ebb44c2c6b2/e96aafd17aa084de",
                        "attributes": {
                            "arn": "arn:aws:elasticloadbalancing:us-east-1:057263735268:listener/app/fe-load-balancer/1d084ebb44c2c6b2/e96aafd17aa084de",
                            "default_action.#": "1",
                            "default_action.0.authenticate_cognito.#": "0",
                            "default_action.0.authenticate_oidc.#": "0",
                            "default_action.0.fixed_response.#": "0",
                            "default_action.0.order": "1",
                            "default_action.0.redirect.#": "0",
                            "default_action.0.target_group_arn": "arn:aws:elasticloadbalancing:us-east-1:057263735268:targetgroup/diyasylum-fe/54cd3360207f2148",
                            "default_action.0.type": "forward",
                            "id": "arn:aws:elasticloadbalancing:us-east-1:057263735268:listener/app/fe-load-balancer/1d084ebb44c2c6b2/e96aafd17aa084de",
                            "load_balancer_arn": "arn:aws:elasticloadbalancing:us-east-1:057263735268:loadbalancer/app/fe-load-balancer/1d084ebb44c2c6b2",
                            "port": "80",
                            "protocol": "HTTP",
                            "ssl_policy": ""
                        },
                        "meta": {
                            "e2bfb730-ecaa-11e6-8f88-34363bc7c4c0": {
                                "read": 600000000000
                            }
                        },
                        "tainted": false
                    },
                    "deposed": [],
                    "provider": "provider.aws"
                },
                "aws_lb_target_group.be-target-group": {
                    "type": "aws_lb_target_group",
                    "depends_on": [
                        "aws_vpc.main"
                    ],
                    "primary": {
                        "id": "arn:aws:elasticloadbalancing:us-east-1:057263735268:targetgroup/diyasylum-be/4a8fef41f3e18258",
                        "attributes": {
                            "arn": "arn:aws:elasticloadbalancing:us-east-1:057263735268:targetgroup/diyasylum-be/4a8fef41f3e18258",
                            "arn_suffix": "targetgroup/diyasylum-be/4a8fef41f3e18258",
                            "deregistration_delay": "300",
                            "health_check.#": "1",
                            "health_check.0.healthy_threshold": "5",
                            "health_check.0.interval": "30",
                            "health_check.0.matcher": "200",
                            "health_check.0.path": "/",
                            "health_check.0.port": "traffic-port",
                            "health_check.0.protocol": "HTTP",
                            "health_check.0.timeout": "5",
                            "health_check.0.unhealthy_threshold": "2",
                            "id": "arn:aws:elasticloadbalancing:us-east-1:057263735268:targetgroup/diyasylum-be/4a8fef41f3e18258",
                            "name": "diyasylum-be",
                            "port": "12345",
                            "protocol": "HTTP",
                            "proxy_protocol_v2": "false",
                            "slow_start": "0",
                            "stickiness.#": "1",
                            "stickiness.0.cookie_duration": "86400",
                            "stickiness.0.enabled": "false",
                            "stickiness.0.type": "lb_cookie",
                            "tags.%": "0",
                            "target_type": "ip",
                            "vpc_id": "vpc-0df7cb13d570dc03c"
                        },
                        "meta": {},
                        "tainted": false
                    },
                    "deposed": [],
                    "provider": "provider.aws"
                },
                "aws_lb_target_group.fe-target-group": {
                    "type": "aws_lb_target_group",
                    "depends_on": [
                        "aws_vpc.main"
                    ],
                    "primary": {
                        "id": "arn:aws:elasticloadbalancing:us-east-1:057263735268:targetgroup/diyasylum-fe/54cd3360207f2148",
                        "attributes": {
                            "arn": "arn:aws:elasticloadbalancing:us-east-1:057263735268:targetgroup/diyasylum-fe/54cd3360207f2148",
                            "arn_suffix": "targetgroup/diyasylum-fe/54cd3360207f2148",
                            "deregistration_delay": "300",
                            "health_check.#": "1",
                            "health_check.0.healthy_threshold": "5",
                            "health_check.0.interval": "30",
                            "health_check.0.matcher": "200",
                            "health_check.0.path": "/",
                            "health_check.0.port": "traffic-port",
                            "health_check.0.protocol": "HTTP",
                            "health_check.0.timeout": "5",
                            "health_check.0.unhealthy_threshold": "2",
                            "id": "arn:aws:elasticloadbalancing:us-east-1:057263735268:targetgroup/diyasylum-fe/54cd3360207f2148",
                            "name": "diyasylum-fe",
                            "port": "3000",
                            "protocol": "HTTP",
                            "proxy_protocol_v2": "false",
                            "slow_start": "0",
                            "stickiness.#": "1",
                            "stickiness.0.cookie_duration": "86400",
                            "stickiness.0.enabled": "false",
                            "stickiness.0.type": "lb_cookie",
                            "tags.%": "0",
                            "target_type": "ip",
                            "vpc_id": "vpc-0df7cb13d570dc03c"
                        },
                        "meta": {},
                        "tainted": false
                    },
                    "deposed": [],
                    "provider": "provider.aws"
                },
                "aws_nat_gateway.nat": {
                    "type": "aws_nat_gateway",
                    "depends_on": [
                        "aws_eip.public_eip_1",
                        "aws_internet_gateway.gw",
                        "aws_subnet.public_subnet_1"
                    ],
                    "primary": {
                        "id": "nat-07efc19970fb34eb0",
                        "attributes": {
                            "allocation_id": "eipalloc-03beaec4edfe189a0",
                            "id": "nat-07efc19970fb34eb0",
                            "network_interface_id": "eni-0b92dbbb9d0b7ae66",
                            "private_ip": "10.0.0.19",
                            "public_ip": "52.0.188.209",
                            "subnet_id": "subnet-06b2caa51d7bed9a8",
                            "tags.%": "0"
                        },
                        "meta": {},
                        "tainted": false
                    },
                    "deposed": [],
                    "provider": "provider.aws"
                },
                "aws_route_table.nat_route": {
                    "type": "aws_route_table",
                    "depends_on": [
                        "aws_nat_gateway.nat",
                        "aws_vpc.main"
                    ],
                    "primary": {
                        "id": "rtb-0259bf4e80beb1106",
                        "attributes": {
                            "id": "rtb-0259bf4e80beb1106",
                            "owner_id": "057263735268",
                            "propagating_vgws.#": "0",
                            "route.#": "1",
                            "route.2743900418.cidr_block": "0.0.0.0/0",
                            "route.2743900418.egress_only_gateway_id": "",
                            "route.2743900418.gateway_id": "",
                            "route.2743900418.instance_id": "",
                            "route.2743900418.ipv6_cidr_block": "",
                            "route.2743900418.nat_gateway_id": "nat-07efc19970fb34eb0",
                            "route.2743900418.network_interface_id": "",
                            "route.2743900418.transit_gateway_id": "",
                            "route.2743900418.vpc_peering_connection_id": "",
                            "tags.%": "0",
                            "vpc_id": "vpc-0df7cb13d570dc03c"
                        },
                        "meta": {},
                        "tainted": false
                    },
                    "deposed": [],
                    "provider": "provider.aws"
                },
                "aws_route_table.public_egress": {
                    "type": "aws_route_table",
                    "depends_on": [
                        "aws_internet_gateway.gw",
                        "aws_vpc.main"
                    ],
                    "primary": {
                        "id": "rtb-0c5bd8079b3bb328c",
                        "attributes": {
                            "id": "rtb-0c5bd8079b3bb328c",
                            "owner_id": "057263735268",
                            "propagating_vgws.#": "0",
                            "route.#": "1",
                            "route.4186245870.cidr_block": "0.0.0.0/0",
                            "route.4186245870.egress_only_gateway_id": "",
                            "route.4186245870.gateway_id": "igw-0a7377b6701fd2060",
                            "route.4186245870.instance_id": "",
                            "route.4186245870.ipv6_cidr_block": "",
                            "route.4186245870.nat_gateway_id": "",
                            "route.4186245870.network_interface_id": "",
                            "route.4186245870.transit_gateway_id": "",
                            "route.4186245870.vpc_peering_connection_id": "",
                            "tags.%": "0",
                            "vpc_id": "vpc-0df7cb13d570dc03c"
                        },
                        "meta": {},
                        "tainted": false
                    },
                    "deposed": [],
                    "provider": "provider.aws"
                },
                "aws_route_table_association.public_egress_route_1": {
                    "type": "aws_route_table_association",
                    "depends_on": [
                        "aws_route_table.public_egress",
                        "aws_subnet.public_subnet_1"
                    ],
                    "primary": {
                        "id": "rtbassoc-01b7e97ea96654bac",
                        "attributes": {
                            "id": "rtbassoc-01b7e97ea96654bac",
                            "route_table_id": "rtb-0c5bd8079b3bb328c",
                            "subnet_id": "subnet-06b2caa51d7bed9a8"
                        },
                        "meta": {},
                        "tainted": false
                    },
                    "deposed": [],
                    "provider": "provider.aws"
                },
                "aws_route_table_association.public_egress_route_2": {
                    "type": "aws_route_table_association",
                    "depends_on": [
                        "aws_route_table.public_egress",
                        "aws_subnet.public_subnet_1"
                    ],
                    "primary": {
                        "id": "rtbassoc-01b7e97ea96654bac",
                        "attributes": {
                            "id": "rtbassoc-01b7e97ea96654bac",
                            "route_table_id": "rtb-0c5bd8079b3bb328c",
                            "subnet_id": "subnet-06b2caa51d7bed9a8"
                        },
                        "meta": {},
                        "tainted": false
                    },
                    "deposed": [],
                    "provider": "provider.aws"
                },
                "aws_route_table_association.subnet_1_association": {
                    "type": "aws_route_table_association",
                    "depends_on": [
                        "aws_route_table.nat_route",
                        "aws_subnet.private_subnet_1"
                    ],
                    "primary": {
                        "id": "rtbassoc-0c62d50e6da977879",
                        "attributes": {
                            "id": "rtbassoc-0c62d50e6da977879",
                            "route_table_id": "rtb-0259bf4e80beb1106",
                            "subnet_id": "subnet-037c4687037268d78"
                        },
                        "meta": {},
                        "tainted": false
                    },
                    "deposed": [],
                    "provider": "provider.aws"
                },
                "aws_route_table_association.subnet_2_association": {
                    "type": "aws_route_table_association",
                    "depends_on": [
                        "aws_route_table.nat_route",
                        "aws_subnet.private_subnet_2"
                    ],
                    "primary": {
                        "id": "rtbassoc-065d4fad7d260ed6c",
                        "attributes": {
                            "id": "rtbassoc-065d4fad7d260ed6c",
                            "route_table_id": "rtb-0259bf4e80beb1106",
                            "subnet_id": "subnet-03eff8d84ad1acc11"
                        },
                        "meta": {},
                        "tainted": false
                    },
                    "deposed": [],
                    "provider": "provider.aws"
                },
                "aws_security_group.allow_all": {
                    "type": "aws_security_group",
                    "depends_on": [
                        "aws_vpc.main"
                    ],
                    "primary": {
                        "id": "sg-0fcef775073e78805",
                        "attributes": {
                            "arn": "arn:aws:ec2:us-east-1:057263735268:security-group/sg-0fcef775073e78805",
                            "description": "Allow all inbound traffic",
                            "egress.#": "1",
                            "egress.482069346.cidr_blocks.#": "1",
                            "egress.482069346.cidr_blocks.0": "0.0.0.0/0",
                            "egress.482069346.description": "",
                            "egress.482069346.from_port": "0",
                            "egress.482069346.ipv6_cidr_blocks.#": "0",
                            "egress.482069346.prefix_list_ids.#": "0",
                            "egress.482069346.protocol": "-1",
                            "egress.482069346.security_groups.#": "0",
                            "egress.482069346.self": "false",
                            "egress.482069346.to_port": "0",
                            "id": "sg-0fcef775073e78805",
                            "ingress.#": "3",
                            "ingress.1994621032.cidr_blocks.#": "1",
                            "ingress.1994621032.cidr_blocks.0": "0.0.0.0/0",
                            "ingress.1994621032.description": "",
                            "ingress.1994621032.from_port": "3000",
                            "ingress.1994621032.ipv6_cidr_blocks.#": "0",
                            "ingress.1994621032.prefix_list_ids.#": "0",
                            "ingress.1994621032.protocol": "tcp",
                            "ingress.1994621032.security_groups.#": "0",
                            "ingress.1994621032.self": "false",
                            "ingress.1994621032.to_port": "3000",
                            "ingress.2214680975.cidr_blocks.#": "1",
                            "ingress.2214680975.cidr_blocks.0": "0.0.0.0/0",
                            "ingress.2214680975.description": "",
                            "ingress.2214680975.from_port": "80",
                            "ingress.2214680975.ipv6_cidr_blocks.#": "0",
                            "ingress.2214680975.prefix_list_ids.#": "0",
                            "ingress.2214680975.protocol": "tcp",
                            "ingress.2214680975.security_groups.#": "0",
                            "ingress.2214680975.self": "false",
                            "ingress.2214680975.to_port": "80",
                            "ingress.3984192574.cidr_blocks.#": "1",
                            "ingress.3984192574.cidr_blocks.0": "0.0.0.0/0",
                            "ingress.3984192574.description": "",
                            "ingress.3984192574.from_port": "12345",
                            "ingress.3984192574.ipv6_cidr_blocks.#": "0",
                            "ingress.3984192574.prefix_list_ids.#": "0",
                            "ingress.3984192574.protocol": "tcp",
                            "ingress.3984192574.security_groups.#": "0",
                            "ingress.3984192574.self": "false",
                            "ingress.3984192574.to_port": "12345",
                            "name": "allow_all",
                            "owner_id": "057263735268",
                            "revoke_rules_on_delete": "false",
                            "tags.%": "0",
                            "vpc_id": "vpc-0df7cb13d570dc03c"
                        },
                        "meta": {
                            "e2bfb730-ecaa-11e6-8f88-34363bc7c4c0": {
                                "create": 600000000000,
                                "delete": 600000000000
                            },
                            "schema_version": "1"
                        },
                        "tainted": false
                    },
                    "deposed": [],
                    "provider": "provider.aws"
                },
                "aws_subnet.private_subnet_1": {
                    "type": "aws_subnet",
                    "depends_on": [
                        "aws_security_group.allow_all"
                    ],
                    "primary": {
                        "id": "subnet-037c4687037268d78",
                        "attributes": {
                            "arn": "arn:aws:ec2:us-east-1:057263735268:subnet/subnet-037c4687037268d78",
                            "assign_ipv6_address_on_creation": "false",
                            "availability_zone": "us-east-1a",
                            "availability_zone_id": "use1-az6",
                            "cidr_block": "10.0.0.128/26",
                            "id": "subnet-037c4687037268d78",
                            "ipv6_cidr_block": "",
                            "ipv6_cidr_block_association_id": "",
                            "map_public_ip_on_launch": "false",
                            "owner_id": "057263735268",
                            "tags.%": "0",
                            "vpc_id": "vpc-0df7cb13d570dc03c"
                        },
                        "meta": {
                            "e2bfb730-ecaa-11e6-8f88-34363bc7c4c0": {
                                "create": 600000000000,
                                "delete": 600000000000
                            },
                            "schema_version": "1"
                        },
                        "tainted": false
                    },
                    "deposed": [],
                    "provider": "provider.aws"
                },
                "aws_subnet.private_subnet_2": {
                    "type": "aws_subnet",
                    "depends_on": [
                        "aws_security_group.allow_all"
                    ],
                    "primary": {
                        "id": "subnet-03eff8d84ad1acc11",
                        "attributes": {
                            "arn": "arn:aws:ec2:us-east-1:057263735268:subnet/subnet-03eff8d84ad1acc11",
                            "assign_ipv6_address_on_creation": "false",
                            "availability_zone": "us-east-1b",
                            "availability_zone_id": "use1-az1",
                            "cidr_block": "10.0.0.192/26",
                            "id": "subnet-03eff8d84ad1acc11",
                            "ipv6_cidr_block": "",
                            "ipv6_cidr_block_association_id": "",
                            "map_public_ip_on_launch": "false",
                            "owner_id": "057263735268",
                            "tags.%": "0",
                            "vpc_id": "vpc-0df7cb13d570dc03c"
                        },
                        "meta": {
                            "e2bfb730-ecaa-11e6-8f88-34363bc7c4c0": {
                                "create": 600000000000,
                                "delete": 600000000000
                            },
                            "schema_version": "1"
                        },
                        "tainted": false
                    },
                    "deposed": [],
                    "provider": "provider.aws"
                },
                "aws_subnet.public_subnet_1": {
                    "type": "aws_subnet",
                    "depends_on": [
                        "aws_security_group.allow_all"
                    ],
                    "primary": {
                        "id": "subnet-06b2caa51d7bed9a8",
                        "attributes": {
                            "arn": "arn:aws:ec2:us-east-1:057263735268:subnet/subnet-06b2caa51d7bed9a8",
                            "assign_ipv6_address_on_creation": "false",
                            "availability_zone": "us-east-1a",
                            "availability_zone_id": "use1-az6",
                            "cidr_block": "10.0.0.0/26",
                            "id": "subnet-06b2caa51d7bed9a8",
                            "ipv6_cidr_block": "",
                            "ipv6_cidr_block_association_id": "",
                            "map_public_ip_on_launch": "true",
                            "owner_id": "057263735268",
                            "tags.%": "0",
                            "vpc_id": "vpc-0df7cb13d570dc03c"
                        },
                        "meta": {
                            "e2bfb730-ecaa-11e6-8f88-34363bc7c4c0": {
                                "create": 600000000000,
                                "delete": 600000000000
                            },
                            "schema_version": "1"
                        },
                        "tainted": false
                    },
                    "deposed": [],
                    "provider": "provider.aws"
                },
                "aws_subnet.public_subnet_2": {
                    "type": "aws_subnet",
                    "depends_on": [
                        "aws_security_group.allow_all"
                    ],
                    "primary": {
                        "id": "subnet-0391d3718179371ab",
                        "attributes": {
                            "arn": "arn:aws:ec2:us-east-1:057263735268:subnet/subnet-0391d3718179371ab",
                            "assign_ipv6_address_on_creation": "false",
                            "availability_zone": "us-east-1b",
                            "availability_zone_id": "use1-az1",
                            "cidr_block": "10.0.0.64/26",
                            "id": "subnet-0391d3718179371ab",
                            "ipv6_cidr_block": "",
                            "ipv6_cidr_block_association_id": "",
                            "map_public_ip_on_launch": "true",
                            "owner_id": "057263735268",
                            "tags.%": "0",
                            "vpc_id": "vpc-0df7cb13d570dc03c"
                        },
                        "meta": {
                            "e2bfb730-ecaa-11e6-8f88-34363bc7c4c0": {
                                "create": 600000000000,
                                "delete": 600000000000
                            },
                            "schema_version": "1"
                        },
                        "tainted": false
                    },
                    "deposed": [],
                    "provider": "provider.aws"
                },
                "aws_vpc.main": {
                    "type": "aws_vpc",
                    "depends_on": [],
                    "primary": {
                        "id": "vpc-0df7cb13d570dc03c",
                        "attributes": {
                            "arn": "arn:aws:ec2:us-east-1:057263735268:vpc/vpc-0df7cb13d570dc03c",
                            "assign_generated_ipv6_cidr_block": "false",
                            "cidr_block": "10.0.0.0/16",
                            "default_network_acl_id": "acl-05ec7a48e92eb3985",
                            "default_route_table_id": "rtb-09380221c2dda851c",
                            "default_security_group_id": "sg-0a17f7af33cc5855e",
                            "dhcp_options_id": "dopt-74e4da10",
                            "enable_classiclink": "false",
                            "enable_classiclink_dns_support": "false",
                            "enable_dns_hostnames": "false",
                            "enable_dns_support": "true",
                            "id": "vpc-0df7cb13d570dc03c",
                            "instance_tenancy": "default",
                            "ipv6_association_id": "",
                            "ipv6_cidr_block": "",
                            "main_route_table_id": "rtb-09380221c2dda851c",
                            "owner_id": "057263735268",
                            "tags.%": "0"
                        },
                        "meta": {
                            "schema_version": "1"
                        },
                        "tainted": false
                    },
                    "deposed": [],
                    "provider": "provider.aws"
                },
                "data.aws_ecr_repository.diy-ecr-be": {
                    "type": "aws_ecr_repository",
                    "depends_on": [],
                    "primary": {
                        "id": "backend",
                        "attributes": {
                            "arn": "arn:aws:ecr:us-east-1:057263735268:repository/backend",
                            "id": "backend",
                            "name": "backend",
                            "registry_id": "057263735268",
                            "repository_url": "057263735268.dkr.ecr.us-east-1.amazonaws.com/backend"
                        },
                        "meta": {},
                        "tainted": false
                    },
                    "deposed": [],
                    "provider": "provider.aws"
                },
                "data.aws_ecr_repository.diy-ecr-fe": {
                    "type": "aws_ecr_repository",
                    "depends_on": [],
                    "primary": {
                        "id": "frontend",
                        "attributes": {
                            "arn": "arn:aws:ecr:us-east-1:057263735268:repository/frontend",
                            "id": "frontend",
                            "name": "frontend",
                            "registry_id": "057263735268",
                            "repository_url": "057263735268.dkr.ecr.us-east-1.amazonaws.com/frontend"
                        },
                        "meta": {},
                        "tainted": false
                    },
                    "deposed": [],
                    "provider": "provider.aws"
                }
            },
            "depends_on": []
        }
    ]
}
